
Microsoft Visual Studio Solution File, Format Version 12.00
# Visual Studio Version 17
VisualStudioVersion = 17.4.33403.182
MinimumVisualStudioVersion = 10.0.40219.1
Project("{9A19103F-16F7-4668-BE54-9A1E7A4F7556}") = "XMLAppConsola", "XMLAppConsola\XMLAppConsola.csproj", "{50A658E1-ADD0-44AB-AB15-F980293877DF}"
EndProject
Project("{FAE04EC0-301F-11D3-BF4B-00C04F79EFBC}") = "Libreria", "Libreria\Libreria.csproj", "{755374FF-E4CF-4A8E-9625-507FE5C896C0}"
EndProject
Project("{FAE04EC0-301F-11D3-BF4B-00C04F79EFBC}") = "TestBD", "TestBD\TestBD.csproj", "{D395EF51-DD72-4FB6-B52D-1C09CD94F0FE}"
EndProject
Global
	GlobalSection(SolutionConfigurationPlatforms) = preSolution
		Debug|Any CPU = Debug|Any CPU
		Release|Any CPU = Release|Any CPU
	EndGlobalSection
	GlobalSection(ProjectConfigurationPlatforms) = postSolution
		{50A658E1-ADD0-44AB-AB15-F980293877DF}.Debug|Any CPU.ActiveCfg = Debug|Any CPU
		{50A658E1-ADD0-44AB-AB15-F980293877DF}.Debug|Any CPU.Build.0 = Debug|Any CPU
		{50A658E1-ADD0-44AB-AB15-F980293877DF}.Release|Any CPU.ActiveCfg = Release|Any CPU
		{50A658E1-ADD0-44AB-AB15-F980293877DF}.Release|Any CPU.Build.0 = Release|Any CPU
		{755374FF-E4CF-4A8E-9625-507FE5C896C0}.Debug|Any CPU.ActiveCfg = Debug|Any CPU
		{755374FF-E4CF-4A8E-9625-507FE5C896C0}.Debug|Any CPU.Build.0 = Debug|Any CPU
		{755374FF-E4CF-4A8E-9625-507FE5C896C0}.Release|Any CPU.ActiveCfg = Release|Any CPU
		{755374FF-E4CF-4A8E-9625-507FE5C896C0}.Release|Any CPU.Build.0 = Release|Any CPU
		{D395EF51-DD72-4FB6-B52D-1C09CD94F0FE}.Debug|Any CPU.ActiveCfg = Debug|Any CPU
		{D395EF51-DD72-4FB6-B52D-1C09CD94F0FE}.Debug|Any CPU.Build.0 = Debug|Any CPU
		{D395EF51-DD72-4FB6-B52D-1C09CD94F0FE}.Release|Any CPU.ActiveCfg = Release|Any CPU
		{D395EF51-DD72-4FB6-B52D-1C09CD94F0FE}.Release|Any CPU.Build.0 = Release|Any CPU
	EndGlobalSection
	GlobalSection(SolutionProperties) = preSolution
		HideSolutionNode = FALSE
	EndGlobalSection
	GlobalSection(ExtensibilityGlobals) = postSolution
		SolutionGuid = {473DCDA2-67F2-4AEB-B132-BE8B669079E2}
	EndGlobalSection
EndGlobal
